# This file is automatically @generated by Cargo.
# It is not intended for manual editing.
version = 4

[[package]]
name = "autocfg"
version = "1.5.0"
source = "registry+https://github.com/rust-lang/crates.io-index"
checksum = "c08606f8c3cbf4ce6ec8e28fb0014a2c086708fe954eaa885384a6165172e7e8"

[[package]]
name = "compensated-summation"
version = "0.3.1"
source = "registry+https://github.com/rust-lang/crates.io-index"
checksum = "bd97b1fc7cd41bebf20ff411100ea90b2ce579acebef7d2653d31c75cc3540bb"
dependencies = [
 "num-traits",
]

[[package]]
name = "factorial"
version = "0.4.0"
source = "registry+https://github.com/rust-lang/crates.io-index"
checksum = "9d9d4c0753c4289a13cd6caf1ad9039934f52768e0613f5749576025f215704b"
dependencies = [
 "num-traits",
 "primal-sieve",
]

[[package]]
name = "hamming"
version = "0.1.3"
source = "registry+https://github.com/rust-lang/crates.io-index"
checksum = "65043da274378d68241eb9a8f8f8aa54e349136f7b8e12f63e3ef44043cc30e1"

[[package]]
name = "legendre"
version = "0.1.0"
dependencies = [
 "compensated-summation",
 "factorial",
 "num-bigint",
 "num-rational",
 "num-traits",
 "triangle-container",
]

[[package]]
name = "num-bigint"
version = "0.4.6"
source = "registry+https://github.com/rust-lang/crates.io-index"
checksum = "a5e44f723f1133c9deac646763579fdb3ac745e418f2a7af9cd0c431da1f20b9"
dependencies = [
 "num-integer",
 "num-traits",
]

[[package]]
name = "num-integer"
version = "0.1.46"
source = "registry+https://github.com/rust-lang/crates.io-index"
checksum = "7969661fd2958a5cb096e56c8e1ad0444ac2bbcd0061bd28660485a44879858f"
dependencies = [
 "num-traits",
]

[[package]]
name = "num-rational"
version = "0.4.2"
source = "registry+https://github.com/rust-lang/crates.io-index"
checksum = "f83d14da390562dca69fc84082e73e548e1ad308d24accdedd2720017cb37824"
dependencies = [
 "num-bigint",
 "num-integer",
 "num-traits",
]

[[package]]
name = "num-traits"
version = "0.2.19"
source = "registry+https://github.com/rust-lang/crates.io-index"
checksum = "071dfc062690e90b734c0b2273ce72ad0ffa95f0c74596bc250dcfd960262841"
dependencies = [
 "autocfg",
]

[[package]]
name = "primal-bit"
version = "0.3.2"
source = "registry+https://github.com/rust-lang/crates.io-index"
checksum = "252429dbb8aeacc3233df500dc3a6a367bf28eb3a711272884d7540a7b636055"
dependencies = [
 "hamming",
]

[[package]]
name = "primal-estimate"
version = "0.3.3"
source = "registry+https://github.com/rust-lang/crates.io-index"
checksum = "a432100a0b3a61085e75b5f89e9f42de73c0acb7dea5038b893697918105d822"

[[package]]
name = "primal-sieve"
version = "0.3.7"
source = "registry+https://github.com/rust-lang/crates.io-index"
checksum = "8e982796d82203351983d3602a8d6372d1d7894e86960047ba0d4b7426a5edd3"
dependencies = [
 "primal-bit",
 "primal-estimate",
 "smallvec",
]

[[package]]
name = "smallvec"
version = "1.15.1"
source = "registry+https://github.com/rust-lang/crates.io-index"
checksum = "67b1b7a3b5fe4f1376887184045fcf45c69e92af734b7aaddc05fb777b6fbd03"

[[package]]
name = "triangle-container"
version = "0.1.0"
source = "git+https://github.com/gregjesl/triangle-container?tag=v0.1.0#ed16ce47e8808ea926817336f69b212ee7042775"
